
Microsoft Visual Studio Solution File, Format Version 12.00
# Visual Studio Version 17
VisualStudioVersion = 17.0.32126.317
MinimumVisualStudioVersion = 10.0.40219.1
Project("{9A19103F-16F7-4668-BE54-9A1E7A4F7556}") = "Task1", "ConsoleApp2\Task1.csproj", "{5E7E0278-0716-498D-ABB1-D9D392120182}"
EndProject
Project("{2150E333-8FDC-42A3-9474-1A3956D46DE8}") = "Solution Items", "Solution Items", "{77664C23-BDA2-4839-B71E-38B5ACBD2D65}"
	ProjectSection(SolutionItems) = preProject
		Test.json = Test.json
	EndProjectSection
EndProject
Global
	GlobalSection(SolutionConfigurationPlatforms) = preSolution
		Debug|Any CPU = Debug|Any CPU
		Release|Any CPU = Release|Any CPU
	EndGlobalSection
	GlobalSection(ProjectConfigurationPlatforms) = postSolution
		{5E7E0278-0716-498D-ABB1-D9D392120182}.Debug|Any CPU.ActiveCfg = Debug|Any CPU
		{5E7E0278-0716-498D-ABB1-D9D392120182}.Debug|Any CPU.Build.0 = Debug|Any CPU
		{5E7E0278-0716-498D-ABB1-D9D392120182}.Release|Any CPU.ActiveCfg = Release|Any CPU
		{5E7E0278-0716-498D-ABB1-D9D392120182}.Release|Any CPU.Build.0 = Release|Any CPU
	EndGlobalSection
	GlobalSection(SolutionProperties) = preSolution
		HideSolutionNode = FALSE
	EndGlobalSection
	GlobalSection(ExtensibilityGlobals) = postSolution
		SolutionGuid = {FB11B7D3-8643-4F69-8F5A-CD2C1ACAD498}
	EndGlobalSection
EndGlobal
